
Microsoft Visual Studio Solution File, Format Version 12.00
# Visual Studio Version 17
VisualStudioVersion = 17.3.32825.248
MinimumVisualStudioVersion = 10.0.40219.1
Project("{FAE04EC0-301F-11D3-BF4B-00C04F79EFBC}") = "DistanceProb_API", "DistanceProb_API\DistanceProb_API.csproj", "{021EDCC9-F16B-43CC-BA26-49EC4C2EB560}"
EndProject
Global
	GlobalSection(SolutionConfigurationPlatforms) = preSolution
		Debug|Any CPU = Debug|Any CPU
		Release|Any CPU = Release|Any CPU
	EndGlobalSection
	GlobalSection(ProjectConfigurationPlatforms) = postSolution
		{021EDCC9-F16B-43CC-BA26-49EC4C2EB560}.Debug|Any CPU.ActiveCfg = Debug|Any CPU
		{021EDCC9-F16B-43CC-BA26-49EC4C2EB560}.Debug|Any CPU.Build.0 = Debug|Any CPU
		{021EDCC9-F16B-43CC-BA26-49EC4C2EB560}.Release|Any CPU.ActiveCfg = Release|Any CPU
		{021EDCC9-F16B-43CC-BA26-49EC4C2EB560}.Release|Any CPU.Build.0 = Release|Any CPU
	EndGlobalSection
	GlobalSection(SolutionProperties) = preSolution
		HideSolutionNode = FALSE
	EndGlobalSection
	GlobalSection(ExtensibilityGlobals) = postSolution
		SolutionGuid = {EAE3259E-233A-47DA-9274-3A3049F9691E}
	EndGlobalSection
EndGlobal
